
Microsoft Visual Studio Solution File, Format Version 12.00
# Visual Studio 2013
VisualStudioVersion = 12.0.21005.1
MinimumVisualStudioVersion = 10.0.40219.1
Project("{FAE04EC0-301F-11D3-BF4B-00C04F79EFBC}") = "Owin.Web", "Owin.Web\Owin.Web.csproj", "{633910E5-4815-4E61-BBCF-3E0263477631}"
EndProject
Project("{2150E333-8FDC-42A3-9474-1A3956D46DE8}") = ".nuget", ".nuget", "{5C95699B-DF5F-4AEF-96CF-236BCA24B714}"
	ProjectSection(SolutionItems) = preProject
		.nuget\NuGet.Config = .nuget\NuGet.Config
		.nuget\NuGet.exe = .nuget\NuGet.exe
		.nuget\NuGet.targets = .nuget\NuGet.targets
	EndProjectSection
EndProject
Project("{FAE04EC0-301F-11D3-BF4B-00C04F79EFBC}") = "Owin.Web.Tests", "Owin.Web.Tests\Owin.Web.Tests.csproj", "{DC16055B-74E3-4AEC-8F7D-C2930FF6F8BD}"
EndProject
Project("{FAE04EC0-301F-11D3-BF4B-00C04F79EFBC}") = "Owin.Domain", "Owin.Domain\Owin.Domain.csproj", "{51D39E08-B4B5-4435-B9DD-AB9468393753}"
EndProject
Project("{FAE04EC0-301F-11D3-BF4B-00C04F79EFBC}") = "Owin.Domain.Tests", "Owin.Domain.Tests\Owin.Domain.Tests.csproj", "{121BDDDC-A8EA-4A19-A10E-D968A9E9A726}"
EndProject
Project("{FAE04EC0-301F-11D3-BF4B-00C04F79EFBC}") = "Owin.Data", "Owin.Data\Owin.Data.csproj", "{2DD43CFC-BCEE-494E-92E3-130BCB3C7228}"
EndProject
Global
	GlobalSection(SolutionConfigurationPlatforms) = preSolution
		Debug|Any CPU = Debug|Any CPU
		Release|Any CPU = Release|Any CPU
	EndGlobalSection
	GlobalSection(ProjectConfigurationPlatforms) = postSolution
		{633910E5-4815-4E61-BBCF-3E0263477631}.Debug|Any CPU.ActiveCfg = Debug|Any CPU
		{633910E5-4815-4E61-BBCF-3E0263477631}.Debug|Any CPU.Build.0 = Debug|Any CPU
		{633910E5-4815-4E61-BBCF-3E0263477631}.Release|Any CPU.ActiveCfg = Release|Any CPU
		{633910E5-4815-4E61-BBCF-3E0263477631}.Release|Any CPU.Build.0 = Release|Any CPU
		{DC16055B-74E3-4AEC-8F7D-C2930FF6F8BD}.Debug|Any CPU.ActiveCfg = Debug|Any CPU
		{DC16055B-74E3-4AEC-8F7D-C2930FF6F8BD}.Debug|Any CPU.Build.0 = Debug|Any CPU
		{DC16055B-74E3-4AEC-8F7D-C2930FF6F8BD}.Release|Any CPU.ActiveCfg = Release|Any CPU
		{DC16055B-74E3-4AEC-8F7D-C2930FF6F8BD}.Release|Any CPU.Build.0 = Release|Any CPU
		{51D39E08-B4B5-4435-B9DD-AB9468393753}.Debug|Any CPU.ActiveCfg = Debug|Any CPU
		{51D39E08-B4B5-4435-B9DD-AB9468393753}.Debug|Any CPU.Build.0 = Debug|Any CPU
		{51D39E08-B4B5-4435-B9DD-AB9468393753}.Release|Any CPU.ActiveCfg = Release|Any CPU
		{51D39E08-B4B5-4435-B9DD-AB9468393753}.Release|Any CPU.Build.0 = Release|Any CPU
		{121BDDDC-A8EA-4A19-A10E-D968A9E9A726}.Debug|Any CPU.ActiveCfg = Debug|Any CPU
		{121BDDDC-A8EA-4A19-A10E-D968A9E9A726}.Debug|Any CPU.Build.0 = Debug|Any CPU
		{121BDDDC-A8EA-4A19-A10E-D968A9E9A726}.Release|Any CPU.ActiveCfg = Release|Any CPU
		{121BDDDC-A8EA-4A19-A10E-D968A9E9A726}.Release|Any CPU.Build.0 = Release|Any CPU
		{2DD43CFC-BCEE-494E-92E3-130BCB3C7228}.Debug|Any CPU.ActiveCfg = Debug|Any CPU
		{2DD43CFC-BCEE-494E-92E3-130BCB3C7228}.Debug|Any CPU.Build.0 = Debug|Any CPU
		{2DD43CFC-BCEE-494E-92E3-130BCB3C7228}.Release|Any CPU.ActiveCfg = Release|Any CPU
		{2DD43CFC-BCEE-494E-92E3-130BCB3C7228}.Release|Any CPU.Build.0 = Release|Any CPU
	EndGlobalSection
	GlobalSection(SolutionProperties) = preSolution
		HideSolutionNode = FALSE
	EndGlobalSection
EndGlobal
